// !$*UTF8*$!
{
	archiveVersion = 1;
	classes = {
	};
	objectVersion = 46;
	objects = {

/* Begin PBXBuildFile section */
		836590D01EEA96CD00C98970 /* main.m in Sources */ = {isa = PBXBuildFile; fileRef = 836590CF1EEA96CD00C98970 /* main.m */; };
		836590D31EEA96CD00C98970 /* AppDelegate.m in Sources */ = {isa = PBXBuildFile; fileRef = 836590D21EEA96CD00C98970 /* AppDelegate.m */; };
		836590D61EEA96CD00C98970 /* ViewController.m in Sources */ = {isa = PBXBuildFile; fileRef = 836590D51EEA96CD00C98970 /* ViewController.m */; };
		836590D91EEA96CE00C98970 /* Main.storyboard in Resources */ = {isa = PBXBuildFile; fileRef = 836590D71EEA96CE00C98970 /* Main.storyboard */; };
		836590DB1EEA96CE00C98970 /* Assets.xcassets in Resources */ = {isa = PBXBuildFile; fileRef = 836590DA1EEA96CE00C98970 /* Assets.xcassets */; };
		836590DE1EEA96CE00C98970 /* LaunchScreen.storyboard in Resources */ = {isa = PBXBuildFile; fileRef = 836590DC1EEA96CE00C98970 /* LaunchScreen.storyboard */; };
		836590E91EEA96CE00C98970 /* TestTests.m in Sources */ = {isa = PBXBuildFile; fileRef = 836590E81EEA96CE00C98970 /* TestTests.m */; };
		836590F41EEA96CE00C98970 /* TestUITests.m in Sources */ = {isa = PBXBuildFile; fileRef = 836590F31EEA96CE00C98970 /* TestUITests.m */; };
/* End PBXBuildFile section */

/* Begin PBXContainerItemProxy section */
		836590E51EEA96CE00C98970 /* PBXContainerItemProxy */ = {
			isa = PBXContainerItemProxy;
			containerPortal = 836590C31EEA96CD00C98970 /* Project object */;
			proxyType = 1;
			remoteGlobalIDString = 836590CA1EEA96CD00C98970;
			remoteInfo = Test;
		};
		836590F01EEA96CE00C98970 /* PBXContainerItemProxy */ = {
			isa = PBXContainerItemProxy;
			containerPortal = 836590C31EEA96CD00C98970 /* Project object */;
			proxyType = 1;
			remoteGlobalIDString = 836590CA1EEA96CD00C98970;
			remoteInfo = Test;
		};
/* End PBXContainerItemProxy section */

/* Begin PBXFileReference section */
		836590CB1EEA96CD00C98970 /* Test.app */ = {isa = PBXFileReference; explicitFileType = wrapper.application; includeInIndex = 0; path = Test.app; sourceTree = BUILT_PRODUCTS_DIR; };
		836590CF1EEA96CD00C98970 /* main.m */ = {isa = PBXFileReference; lastKnownFileType = sourcecode.c.objc; path = main.m; sourceTree = "<group>"; };
		836590D11EEA96CD00C98970 /* AppDelegate.h */ = {isa = PBXFileReference; lastKnownFileType = sourcecode.c.h; path = AppDelegate.h; sourceTree = "<group>"; };
		836590D21EEA96CD00C98970 /* AppDelegate.m */ = {isa = PBXFileReference; lastKnownFileType = sourcecode.c.objc; path = AppDelegate.m; sourceTree = "<group>"; };
		836590D41EEA96CD00C98970 /* ViewController.h */ = {isa = PBXFileReference; lastKnownFileType = sourcecode.c.h; path = ViewController.h; sourceTree = "<group>"; };
		836590D51EEA96CD00C98970 /* ViewController.m */ = {isa = PBXFileReference; lastKnownFileType = sourcecode.c.objc; path = ViewController.m; sourceTree = "<group>"; };
		836590D81EEA96CE00C98970 /* Base */ = {isa = PBXFileReference; lastKnownFileType = file.storyboard; name = Base; path = Base.lproj/Main.storyboard; sourceTree = "<group>"; };
		836590DA1EEA96CE00C98970 /* Assets.xcassets */ = {isa = PBXFileReference; lastKnownFileType = folder.assetcatalog; path = Assets.xcassets; sourceTree = "<group>"; };
		836590DD1EEA96CE00C98970 /* Base */ = {isa = PBXFileReference; lastKnownFileType = file.storyboard; name = Base; path = Base.lproj/LaunchScreen.storyboard; sourceTree = "<group>"; };
		836590DF1EEA96CE00C98970 /* Info.plist */ = {isa = PBXFileReference; lastKnownFileType = text.plist.xml; path = Info.plist; sourceTree = "<group>"; };
		836590E41EEA96CE00C98970 /* TestTests.xctest */ = {isa = PBXFileReference; explicitFileType = wrapper.cfbundle; includeInIndex = 0; path = TestTests.xctest; sourceTree = BUILT_PRODUCTS_DIR; };
		836590E81EEA96CE00C98970 /* TestTests.m */ = {isa = PBXFileReference; lastKnownFileType = sourcecode.c.objc; path = TestTests.m; sourceTree = "<group>"; };
		836590EA1EEA96CE00C98970 /* Info.plist */ = {isa = PBXFileReference; lastKnownFileType = text.plist.xml; path = Info.plist; sourceTree = "<group>"; };
		836590EF1EEA96CE00C98970 /* TestUITests.xctest */ = {isa = PBXFileReference; explicitFileType = wrapper.cfbundle; includeInIndex = 0; path = TestUITests.xctest; sourceTree = BUILT_PRODUCTS_DIR; };
		836590F31EEA96CE00C98970 /* TestUITests.m */ = {isa = PBXFileReference; lastKnownFileType = sourcecode.c.objc; path = TestUITests.m; sourceTree = "<group>"; };
		836590F51EEA96CE00C98970 /* Info.plist */ = {isa = PBXFileReference; lastKnownFileType = text.plist.xml; path = Info.plist; sourceTree = "<group>"; };
/* End PBXFileReference section */

/* Begin PBXFrameworksBuildPhase section */
		836590C81EEA96CD00C98970 /* Frameworks */ = {
			isa = PBXFrameworksBuildPhase;
			buildActionMask = 2147483647;
			files = (
			);
			runOnlyForDeploymentPostprocessing = 0;
		};
		836590E11EEA96CE00C98970 /* Frameworks */ = {
			isa = PBXFrameworksBuildPhase;
			buildActionMask = 2147483647;
			files = (
			);
			runOnlyForDeploymentPostprocessing = 0;
		};
		836590EC1EEA96CE00C98970 /* Frameworks */ = {
			isa = PBXFrameworksBuildPhase;
			buildActionMask = 2147483647;
			files = (
			);
			runOnlyForDeploymentPostprocessing = 0;
		};
/* End PBXFrameworksBuildPhase section */

/* Begin PBXGroup section */
		836590C21EEA96CD00C98970 = {
			isa = PBXGroup;
			children = (
				836590CD1EEA96CD00C98970 /* Test */,
				836590E71EEA96CE00C98970 /* TestTests */,
				836590F21EEA96CE00C98970 /* TestUITests */,
				836590CC1EEA96CD00C98970 /* Products */,
			);
			sourceTree = "<group>";
		};
		836590CC1EEA96CD00C98970 /* Products */ = {
			isa = PBXGroup;
			children = (
				836590CB1EEA96CD00C98970 /* Test.app */,
				836590E41EEA96CE00C98970 /* TestTests.xctest */,
				836590EF1EEA96CE00C98970 /* TestUITests.xctest */,
			);
			name = Products;
			sourceTree = "<group>";
		};
		836590CD1EEA96CD00C98970 /* Test */ = {
			isa = PBXGroup;
			children = (
				836590D11EEA96CD00C98970 /* AppDelegate.h */,
				836590D21EEA96CD00C98970 /* AppDelegate.m */,
				836590D41EEA96CD00C98970 /* ViewController.h */,
				836590D51EEA96CD00C98970 /* ViewController.m */,
				836590D71EEA96CE00C98970 /* Main.storyboard */,
				836590DA1EEA96CE00C98970 /* Assets.xcassets */,
				836590DC1EEA96CE00C98970 /* LaunchScreen.storyboard */,
				836590DF1EEA96CE00C98970 /* Info.plist */,
				836590CE1EEA96CD00C98970 /* Supporting Files */,
			);
			path = Test;
			sourceTree = "<group>";
		};
		836590CE1EEA96CD00C98970 /* Supporting Files */ = {
			isa = PBXGroup;
			children = (
				836590CF1EEA96CD00C98970 /* main.m */,
			);
			name = "Supporting Files";
			sourceTree = "<group>";
		};
		836590E71EEA96CE00C98970 /* TestTests */ = {
			isa = PBXGroup;
			children = (
				836590E81EEA96CE00C98970 /* TestTests.m */,
				836590EA1EEA96CE00C98970 /* Info.plist */,
			);
			path = TestTests;
			sourceTree = "<group>";
		};
		836590F21EEA96CE00C98970 /* TestUITests */ = {
			isa = PBXGroup;
			children = (
				836590F31EEA96CE00C98970 /* TestUITests.m */,
				836590F51EEA96CE00C98970 /* Info.plist */,
			);
			path = TestUITests;
			sourceTree = "<group>";
		};
/* End PBXGroup section */

/* Begin PBXNativeTarget section */
		836590CA1EEA96CD00C98970 /* Test */ = {
			isa = PBXNativeTarget;
			buildConfigurationList = 836590F81EEA96CE00C98970 /* Build configuration list for PBXNativeTarget "Test" */;
			buildPhases = (
				836590C71EEA96CD00C98970 /* Sources */,
				836590C81EEA96CD00C98970 /* Frameworks */,
				836590C91EEA96CD00C98970 /* Resources */,
			);
			buildRules = (
			);
			dependencies = (
			);
			name = Test;
			productName = Test;
			productReference = 836590CB1EEA96CD00C98970 /* Test.app */;
			productType = "com.apple.product-type.application";
		};
		836590E31EEA96CE00C98970 /* TestTests */ = {
			isa = PBXNativeTarget;
			buildConfigurationList = 836590FB1EEA96CE00C98970 /* Build configuration list for PBXNativeTarget "TestTests" */;
			buildPhases = (
				836590E01EEA96CE00C98970 /* Sources */,
				836590E11EEA96CE00C98970 /* Frameworks */,
				836590E21EEA96CE00C98970 /* Resources */,
			);
			buildRules = (
			);
			dependencies = (
				836590E61EEA96CE00C98970 /* PBXTargetDependency */,
			);
			name = TestTests;
			productName = TestTests;
			productReference = 836590E41EEA96CE00C98970 /* TestTests.xctest */;
			productType = "com.apple.product-type.bundle.unit-test";
		};
		836590EE1EEA96CE00C98970 /* TestUITests */ = {
			isa = PBXNativeTarget;
			buildConfigurationList = 836590FE1EEA96CE00C98970 /* Build configuration list for PBXNativeTarget "TestUITests" */;
			buildPhases = (
				836590EB1EEA96CE00C98970 /* Sources */,
				836590EC1EEA96CE00C98970 /* Frameworks */,
				836590ED1EEA96CE00C98970 /* Resources */,
			);
			buildRules = (
			);
			dependencies = (
				836590F11EEA96CE00C98970 /* PBXTargetDependency */,
			);
			name = TestUITests;
			productName = TestUITests;
			productReference = 836590EF1EEA96CE00C98970 /* TestUITests.xctest */;
			productType = "com.apple.product-type.bundle.ui-testing";
		};
/* End PBXNativeTarget section */

/* Begin PBXProject section */
		836590C31EEA96CD00C98970 /* Project object */ = {
			isa = PBXProject;
			attributes = {
				LastUpgradeCheck = 0830;
				ORGANIZATIONNAME = Chris;
				TargetAttributes = {
					836590CA1EEA96CD00C98970 = {
						CreatedOnToolsVersion = 8.3.1;
						DevelopmentTeam = T5PFJRPNYQ;
						ProvisioningStyle = Automatic;
					};
					836590E31EEA96CE00C98970 = {
						CreatedOnToolsVersion = 8.3.1;
						DevelopmentTeam = T5PFJRPNYQ;
						ProvisioningStyle = Automatic;
						TestTargetID = 836590CA1EEA96CD00C98970;
					};
					836590EE1EEA96CE00C98970 = {
						CreatedOnToolsVersion = 8.3.1;
						DevelopmentTeam = T5PFJRPNYQ;
						ProvisioningStyle = Automatic;
						TestTargetID = 836590CA1EEA96CD00C98970;
					};
				};
			};
			buildConfigurationList = 836590C61EEA96CD00C98970 /* Build configuration list for PBXProject "Test" */;
			compatibilityVersion = "Xcode 3.2";
			developmentRegion = English;
			hasScannedForEncodings = 0;
			knownRegions = (
				en,
				Base,
			);
			mainGroup = 836590C21EEA96CD00C98970;
			productRefGroup = 836590CC1EEA96CD00C98970 /* Products */;
			projectDirPath = "";
			projectRoot = "";
			targets = (
				836590CA1EEA96CD00C98970 /* Test */,
				836590E31EEA96CE00C98970 /* TestTests */,
				836590EE1EEA96CE00C98970 /* TestUITests */,
			);
		};
/* End PBXProject section */

/* Begin PBXResourcesBuildPhase section */
		836590C91EEA96CD00C98970 /* Resources */ = {
			isa = PBXResourcesBuildPhase;
			buildActionMask = 2147483647;
			files = (
				836590DE1EEA96CE00C98970 /* LaunchScreen.storyboard in Resources */,
				836590DB1EEA96CE00C98970 /* Assets.xcassets in Resources */,
				836590D91EEA96CE00C98970 /* Main.storyboard in Resources */,
			);
			runOnlyForDeploymentPostprocessing = 0;
		};
		836590E21EEA96CE00C98970 /* Resources */ = {
			isa = PBXResourcesBuildPhase;
			buildActionMask = 2147483647;
			files = (
			);
			runOnlyForDeploymentPostprocessing = 0;
		};
		836590ED1EEA96CE00C98970 /* Resources */ = {
			isa = PBXResourcesBuildPhase;
			buildActionMask = 2147483647;
			files = (
			);
			runOnlyForDeploymentPostprocessing = 0;
		};
/* End PBXResourcesBuildPhase section */

/* Begin PBXSourcesBuildPhase section */
		836590C71EEA96CD00C98970 /* Sources */ = {
			isa = PBXSourcesBuildPhase;
			buildActionMask = 2147483647;
			files = (
				836590D61EEA96CD00C98970 /* ViewController.m in Sources */,
				836590D31EEA96CD00C98970 /* AppDelegate.m in Sources */,
				836590D01EEA96CD00C98970 /* main.m in Sources */,
			);
			runOnlyForDeploymentPostprocessing = 0;
		};
		836590E01EEA96CE00C98970 /* Sources */ = {
			isa = PBXSourcesBuildPhase;
			buildActionMask = 2147483647;
			files = (
				836590E91EEA96CE00C98970 /* TestTests.m in Sources */,
			);
			runOnlyForDeploymentPostprocessing = 0;
		};
		836590EB1EEA96CE00C98970 /* Sources */ = {
			isa = PBXSourcesBuildPhase;
			buildActionMask = 2147483647;
			files = (
				836590F41EEA96CE00C98970 /* TestUITests.m in Sources */,
			);
			runOnlyForDeploymentPostprocessing = 0;
		};
/* End PBXSourcesBuildPhase section */

/* Begin PBXTargetDependency section */
		836590E61EEA96CE00C98970 /* PBXTargetDependency */ = {
			isa = PBXTargetDependency;
			target = 836590CA1EEA96CD00C98970 /* Test */;
			targetProxy = 836590E51EEA96CE00C98970 /* PBXContainerItemProxy */;
		};
		836590F11EEA96CE00C98970 /* PBXTargetDependency */ = {
			isa = PBXTargetDependency;
			target = 836590CA1EEA96CD00C98970 /* Test */;
			targetProxy = 836590F01EEA96CE00C98970 /* PBXContainerItemProxy */;
		};
/* End PBXTargetDependency section */

/* Begin PBXVariantGroup section */
		836590D71EEA96CE00C98970 /* Main.storyboard */ = {
			isa = PBXVariantGroup;
			children = (
				836590D81EEA96CE00C98970 /* Base */,
			);
			name = Main.storyboard;
			sourceTree = "<group>";
		};
		836590DC1EEA96CE00C98970 /* LaunchScreen.storyboard */ = {
			isa = PBXVariantGroup;
			children = (
				836590DD1EEA96CE00C98970 /* Base */,
			);
			name = LaunchScreen.storyboard;
			sourceTree = "<group>";
		};
/* End PBXVariantGroup section */

/* Begin XCBuildConfiguration section */
		836590F61EEA96CE00C98970 /* Debug */ = {
			isa = XCBuildConfiguration;
			buildSettings = {
				ALWAYS_SEARCH_USER_PATHS = NO;
				CLANG_ANALYZER_NONNULL = YES;
				CLANG_ANALYZER_NUMBER_OBJECT_CONVERSION = YES_AGGRESSIVE;
				CLANG_CXX_LANGUAGE_STANDARD = "gnu++0x";
				CLANG_CXX_LIBRARY = "libc++";
				CLANG_ENABLE_MODULES = YES;
				CLANG_ENABLE_OBJC_ARC = YES;
				CLANG_WARN_BOOL_CONVERSION = YES;
				CLANG_WARN_CONSTANT_CONVERSION = YES;
				CLANG_WARN_DIRECT_OBJC_ISA_USAGE = YES_ERROR;
				CLANG_WARN_DOCUMENTATION_COMMENTS = YES;
				CLANG_WARN_EMPTY_BODY = YES;
				CLANG_WARN_ENUM_CONVERSION = YES;
				CLANG_WARN_INFINITE_RECURSION = YES;
				CLANG_WARN_INT_CONVERSION = YES;
				CLANG_WARN_OBJC_ROOT_CLASS = YES_ERROR;
				CLANG_WARN_SUSPICIOUS_MOVE = YES;
				CLANG_WARN_UNREACHABLE_CODE = YES;
				CLANG_WARN__DUPLICATE_METHOD_MATCH = YES;
				"CODE_SIGN_IDENTITY[sdk=iphoneos*]" = "iPhone Developer";
				COPY_PHASE_STRIP = NO;
				DEBUG_INFORMATION_FORMAT = dwarf;
				ENABLE_STRICT_OBJC_MSGSEND = YES;
				ENABLE_TESTABILITY = YES;
				GCC_C_LANGUAGE_STANDARD = gnu99;
				GCC_DYNAMIC_NO_PIC = NO;
				GCC_NO_COMMON_BLOCKS = YES;
				GCC_OPTIMIZATION_LEVEL = 0;
				GCC_PREPROCESSOR_DEFINITIONS = (
					"DEBUG=1",
					"$(inherited)",
				);
				GCC_WARN_64_TO_32_BIT_CONVERSION = YES;
				GCC_WARN_ABOUT_RETURN_TYPE = YES_ERROR;
				GCC_WARN_UNDECLARED_SELECTOR = YES;
				GCC_WARN_UNINITIALIZED_AUTOS = YES_AGGRESSIVE;
				GCC_WARN_UNUSED_FUNCTION = YES;
				GCC_WARN_UNUSED_VARIABLE = YES;
				IPHONEOS_DEPLOYMENT_TARGET = 10.3;
				MTL_ENABLE_DEBUG_INFO = YES;
				ONLY_ACTIVE_ARCH = YES;
				SDKROOT = iphoneos;
			};
			name = Debug;
		};
		836590F71EEA96CE00C98970 /* Release */ = {
			isa = XCBuildConfiguration;
			buildSettings = {
				ALWAYS_SEARCH_USER_PATHS = NO;
				CLANG_ANALYZER_NONNULL = YES;
				CLANG_ANALYZER_NUMBER_OBJECT_CONVERSION = YES_AGGRESSIVE;
				CLANG_CXX_LANGUAGE_STANDARD = "gnu++0x";
				CLANG_CXX_LIBRARY = "libc++";
				CLANG_ENABLE_MODULES = YES;
				CLANG_ENABLE_OBJC_ARC = YES;
				CLANG_WARN_BOOL_CONVERSION = YES;
				CLANG_WARN_CONSTANT_CONVERSION = YES;
				CLANG_WARN_DIRECT_OBJC_ISA_USAGE = YES_ERROR;
				CLANG_WARN_DOCUMENTATION_COMMENTS = YES;
				CLANG_WARN_EMPTY_BODY = YES;
				CLANG_WARN_ENUM_CONVERSION = YES;
				CLANG_WARN_INFINITE_RECURSION = YES;
				CLANG_WARN_INT_CONVERSION = YES;
				CLANG_WARN_OBJC_ROOT_CLASS = YES_ERROR;
				CLANG_WARN_SUSPICIOUS_MOVE = YES;
				CLANG_WARN_UNREACHABLE_CODE = YES;
				CLANG_WARN__DUPLICATE_METHOD_MATCH = YES;
				"CODE_SIGN_IDENTITY[sdk=iphoneos*]" = "iPhone Developer";
				COPY_PHASE_STRIP = NO;
				DEBUG_INFORMATION_FORMAT = "dwarf-with-dsym";
				ENABLE_NS_ASSERTIONS = NO;
				ENABLE_STRICT_OBJC_MSGSEND = YES;
				GCC_C_LANGUAGE_STANDARD = gnu99;
				GCC_NO_COMMON_BLOCKS = YES;
				GCC_WARN_64_TO_32_BIT_CONVERSION = YES;
				GCC_WARN_ABOUT_RETURN_TYPE = YES_ERROR;
				GCC_WARN_UNDECLARED_SELECTOR = YES;
				GCC_WARN_UNINITIALIZED_AUTOS = YES_AGGRESSIVE;
				GCC_WARN_UNUSED_FUNCTION = YES;
				GCC_WARN_UNUSED_VARIABLE = YES;
				IPHONEOS_DEPLOYMENT_TARGET = 10.3;
				MTL_ENABLE_DEBUG_INFO = NO;
				SDKROOT = iphoneos;
				VALIDATE_PRODUCT = YES;
			};
			name = Release;
		};
		836590F91EEA96CE00C98970 /* Debug */ = {
			isa = XCBuildConfiguration;
			buildSettings = {
				ASSETCATALOG_COMPILER_APPICON_NAME = AppIcon;
				DEVELOPMENT_TEAM = T5PFJRPNYQ;
				INFOPLIST_FILE = Test/Info.plist;
				LD_RUNPATH_SEARCH_PATHS = "$(inherited) @executable_path/Frameworks";
				PRODUCT_BUNDLE_IDENTIFIER = com.isoftstone.Test;
				PRODUCT_NAME = "$(TARGET_NAME)";
			};
			name = Debug;
		};
		836590FA1EEA96CE00C98970 /* Release */ = {
			isa = XCBuildConfiguration;
			buildSettings = {
				ASSETCATALOG_COMPILER_APPICON_NAME = AppIcon;
				DEVELOPMENT_TEAM = T5PFJRPNYQ;
				INFOPLIST_FILE = Test/Info.plist;
				LD_RUNPATH_SEARCH_PATHS = "$(inherited) @executable_path/Frameworks";
				PRODUCT_BUNDLE_IDENTIFIER = com.isoftstone.Test;
				PRODUCT_NAME = "$(TARGET_NAME)";
			};
			name = Release;
		};
		836590FC1EEA96CE00C98970 /* Debug */ = {
			isa = XCBuildConfiguration;
			buildSettings = {
				BUNDLE_LOADER = "$(TEST_HOST)";
				DEVELOPMENT_TEAM = T5PFJRPNYQ;
				INFOPLIST_FILE = TestTests/Info.plist;
				LD_RUNPATH_SEARCH_PATHS = "$(inherited) @executable_path/Frameworks @loader_path/Frameworks";
				PRODUCT_BUNDLE_IDENTIFIER = com.isoftstone.TestTests;
				PRODUCT_NAME = "$(TARGET_NAME)";
				TEST_HOST = "$(BUILT_PRODUCTS_DIR)/Test.app/Test";
			};
			name = Debug;
		};
		836590FD1EEA96CE00C98970 /* Release */ = {
			isa = XCBuildConfiguration;
			buildSettings = {
				BUNDLE_LOADER = "$(TEST_HOST)";
				DEVELOPMENT_TEAM = T5PFJRPNYQ;
				INFOPLIST_FILE = TestTests/Info.plist;
				LD_RUNPATH_SEARCH_PATHS = "$(inherited) @executable_path/Frameworks @loader_path/Frameworks";
				PRODUCT_BUNDLE_IDENTIFIER = com.isoftstone.TestTests;
				PRODUCT_NAME = "$(TARGET_NAME)";
				TEST_HOST = "$(BUILT_PRODUCTS_DIR)/Test.app/Test";
			};
			name = Release;
		};
		836590FF1EEA96CE00C98970 /* Debug */ = {
			isa = XCBuildConfiguration;
			buildSettings = {
				DEVELOPMENT_TEAM = T5PFJRPNYQ;
				INFOPLIST_FILE = TestUITests/Info.plist;
				LD_RUNPATH_SEARCH_PATHS = "$(inherited) @executable_path/Frameworks @loader_path/Frameworks";
				PRODUCT_BUNDLE_IDENTIFIER = com.isoftstone.TestUITests;
				PRODUCT_NAME = "$(TARGET_NAME)";
				TEST_TARGET_NAME = Test;
			};
			name = Debug;
		};
		836591001EEA96CE00C98970 /* Release */ = {
			isa = XCBuildConfiguration;
			buildSettings = {
				DEVELOPMENT_TEAM = T5PFJRPNYQ;
				INFOPLIST_FILE = TestUITests/Info.plist;
				LD_RUNPATH_SEARCH_PATHS = "$(inherited) @executable_path/Frameworks @loader_path/Frameworks";
				PRODUCT_BUNDLE_IDENTIFIER = com.isoftstone.TestUITests;
				PRODUCT_NAME = "$(TARGET_NAME)";
				TEST_TARGET_NAME = Test;
			};
			name = Release;
		};
/* End XCBuildConfiguration section */

/* Begin XCConfigurationList section */
		836590C61EEA96CD00C98970 /* Build configuration list for PBXProject "Test" */ = {
			isa = XCConfigurationList;
			buildConfigurations = (
				836590F61EEA96CE00C98970 /* Debug */,
				836590F71EEA96CE00C98970 /* Release */,
			);
			defaultConfigurationIsVisible = 0;
			defaultConfigurationName = Release;
		};
		836590F81EEA96CE00C98970 /* Build configuration list for PBXNativeTarget "Test" */ = {
			isa = XCConfigurationList;
			buildConfigurations = (
				836590F91EEA96CE00C98970 /* Debug */,
				836590FA1EEA96CE00C98970 /* Release */,
			);
			defaultConfigurationIsVisible = 0;
		};
		836590FB1EEA96CE00C98970 /* Build configuration list for PBXNativeTarget "TestTests" */ = {
			isa = XCConfigurationList;
			buildConfigurations = (
				836590FC1EEA96CE00C98970 /* Debug */,
				836590FD1EEA96CE00C98970 /* Release */,
			);
			defaultConfigurationIsVisible = 0;
		};
		836590FE1EEA96CE00C98970 /* Build configuration list for PBXNativeTarget "TestUITests" */ = {
			isa = XCConfigurationList;
			buildConfigurations = (
				836590FF1EEA96CE00C98970 /* Debug */,
				836591001EEA96CE00C98970 /* Release */,
			);
			defaultConfigurationIsVisible = 0;
		};
/* End XCConfigurationList section */
	};
	rootObject = 836590C31EEA96CD00C98970 /* Project object */;
}
